{
  "nodes": {
    "nixpkgs": {
      "locked": {
        "lastModified": 1596556024,
        "narHash": "sha256-JdbYlfg0uz2krCZqixKA6os+btxvtfg30x5kl1EicIo=",
        "owner": "NixOS",
        "repo": "nixpkgs",
        "rev": "2d6cbbe4627f6fe4a179c681537b0a3e4f59b732",
        "type": "github"
      },
      "original": {
        "owner": "NixOS",
        "repo": "nixpkgs",
        "rev": "2d6cbbe4627f6fe4a179c681537b0a3e4f59b732",
        "type": "github"
      }
    },
    "nixpkgs_2": {
      "locked": {
        "lastModified": 1596556024,
        "narHash": "sha256-JdbYlfg0uz2krCZqixKA6os+btxvtfg30x5kl1EicIo=",
        "owner": "NixOS",
        "repo": "nixpkgs",
        "rev": "2d6cbbe4627f6fe4a179c681537b0a3e4f59b732",
        "type": "github"
      },
      "original": {
        "owner": "NixOS",
        "repo": "nixpkgs",
        "rev": "2d6cbbe4627f6fe4a179c681537b0a3e4f59b732",
        "type": "github"
      }
    },
    "nixpkgs_3": {
      "locked": {
        "lastModified": 1596556024,
        "narHash": "sha256-JdbYlfg0uz2krCZqixKA6os+btxvtfg30x5kl1EicIo=",
        "owner": "NixOS",
        "repo": "nixpkgs",
        "rev": "2d6cbbe4627f6fe4a179c681537b0a3e4f59b732",
        "type": "github"
      },
      "original": {
        "owner": "NixOS",
        "repo": "nixpkgs",
        "rev": "2d6cbbe4627f6fe4a179c681537b0a3e4f59b732",
        "type": "github"
      }
    },
    "root": {
      "inputs": {
        "nixpkgs": "nixpkgs",
        "system76AcpiDkms": "system76AcpiDkms",
        "system76IoDkms": "system76IoDkms"
      }
    },
    "system76AcpiDkms": {
      "inputs": {
        "nixpkgs": "nixpkgs_2"
      },
      "locked": {
        "lastModified": 1596909031,
        "narHash": "sha256-8M45qwH9btJco9JIvVkPqpE8F0zQdZ5qHC8dG+4FKtA=",
        "owner": "mwilsoncoding",
        "repo": "system76-acpi-dkms-flake",
        "rev": "cd2ceb51315be334c82dcd181a2d5c4199b3d800",
        "type": "github"
      },
      "original": {
        "owner": "mwilsoncoding",
        "repo": "system76-acpi-dkms-flake",
        "rev": "cd2ceb51315be334c82dcd181a2d5c4199b3d800",
        "type": "github"
      }
    },
    "system76IoDkms": {
      "inputs": {
        "nixpkgs": "nixpkgs_3"
      },
      "locked": {
        "lastModified": 1596909452,
        "narHash": "sha256-HmMn2c1zmLoq+9+pYaFxt94FH5npgxmaJFNH0NRZ0SI=",
        "owner": "mwilsoncoding",
        "repo": "system76-io-dkms-flake",
        "rev": "4e4785e2999c226b76e8b516529272d1e2a9b8b3",
        "type": "github"
      },
      "original": {
        "owner": "mwilsoncoding",
        "repo": "system76-io-dkms-flake",
        "rev": "4e4785e2999c226b76e8b516529272d1e2a9b8b3",
        "type": "github"
      }
    }
  },
  "root": "root",
  "version": 7
}
