{
  "nodes": {
    "nixpkgs": {
      "locked": {
        "lastModified": 1593540764,
        "narHash": "sha256-5bwR0L7OOjRnxXkDw556XX0YaP85yKN0KQCP9UAajUI=",
        "owner": "NixOS",
        "repo": "nixpkgs",
        "rev": "b3251e04ee470c20f81e75d5a6080ba92dc7ed3f",
        "type": "github"
      },
      "original": {
        "owner": "NixOS",
        "repo": "nixpkgs",
        "rev": "b3251e04ee470c20f81e75d5a6080ba92dc7ed3f",
        "type": "github"
      }
    },
    "nixpkgs_2": {
      "locked": {
        "lastModified": 1593540764,
        "narHash": "sha256-5bwR0L7OOjRnxXkDw556XX0YaP85yKN0KQCP9UAajUI=",
        "owner": "NixOS",
        "repo": "nixpkgs",
        "rev": "b3251e04ee470c20f81e75d5a6080ba92dc7ed3f",
        "type": "github"
      },
      "original": {
        "owner": "NixOS",
        "repo": "nixpkgs",
        "rev": "b3251e04ee470c20f81e75d5a6080ba92dc7ed3f",
        "type": "github"
      }
    },
    "root": {
      "inputs": {
        "system76AcpiDkms": "system76AcpiDkms",
        "system76IoDkms": "system76IoDkms"
      }
    },
    "system76AcpiDkms": {
      "inputs": {
        "nixpkgs": "nixpkgs"
      },
      "locked": {
        "lastModified": 1596920094,
        "narHash": "sha256-p8wtefw16z8fdcLnT4wW51txGMRqgi8Dar34vYQU9KU=",
        "owner": "mwilsoncoding",
        "repo": "system76-acpi-dkms-flake",
        "rev": "f5b2a0f55985b5b5b004ae74c030db5f2208c3ca",
        "type": "github"
      },
      "original": {
        "owner": "mwilsoncoding",
        "repo": "system76-acpi-dkms-flake",
        "rev": "f5b2a0f55985b5b5b004ae74c030db5f2208c3ca",
        "type": "github"
      }
    },
    "system76IoDkms": {
      "inputs": {
        "nixpkgs": "nixpkgs_2"
      },
      "locked": {
        "lastModified": 1596920536,
        "narHash": "sha256-YLLPEP8A0ug3M2uNdFEgEuq5UU5/Ig/QFVVM3BZVvoE=",
        "owner": "mwilsoncoding",
        "repo": "system76-io-dkms-flake",
        "rev": "40ebd9f6a687f481152333d8c709e2f4c6100e72",
        "type": "github"
      },
      "original": {
        "owner": "mwilsoncoding",
        "repo": "system76-io-dkms-flake",
        "rev": "40ebd9f6a687f481152333d8c709e2f4c6100e72",
        "type": "github"
      }
    }
  },
  "root": "root",
  "version": 7
}
