{
  "nodes": {
    "nixpkgs": {
      "locked": {
        "lastModified": 1593540764,
        "narHash": "sha256-5bwR0L7OOjRnxXkDw556XX0YaP85yKN0KQCP9UAajUI=",
        "owner": "NixOS",
        "repo": "nixpkgs",
        "rev": "b3251e04ee470c20f81e75d5a6080ba92dc7ed3f",
        "type": "github"
      },
      "original": {
        "owner": "NixOS",
        "repo": "nixpkgs",
        "rev": "b3251e04ee470c20f81e75d5a6080ba92dc7ed3f",
        "type": "github"
      }
    },
    "nixpkgs_2": {
      "locked": {
        "lastModified": 1593540764,
        "narHash": "sha256-5bwR0L7OOjRnxXkDw556XX0YaP85yKN0KQCP9UAajUI=",
        "owner": "NixOS",
        "repo": "nixpkgs",
        "rev": "b3251e04ee470c20f81e75d5a6080ba92dc7ed3f",
        "type": "github"
      },
      "original": {
        "owner": "NixOS",
        "repo": "nixpkgs",
        "rev": "b3251e04ee470c20f81e75d5a6080ba92dc7ed3f",
        "type": "github"
      }
    },
    "nixpkgs_3": {
      "locked": {
        "lastModified": 1593540764,
        "narHash": "sha256-5bwR0L7OOjRnxXkDw556XX0YaP85yKN0KQCP9UAajUI=",
        "owner": "NixOS",
        "repo": "nixpkgs",
        "rev": "b3251e04ee470c20f81e75d5a6080ba92dc7ed3f",
        "type": "github"
      },
      "original": {
        "owner": "NixOS",
        "repo": "nixpkgs",
        "rev": "b3251e04ee470c20f81e75d5a6080ba92dc7ed3f",
        "type": "github"
      }
    },
    "root": {
      "inputs": {
        "nixpkgs": "nixpkgs",
        "system76AcpiDkms": "system76AcpiDkms",
        "system76IoDkms": "system76IoDkms"
      }
    },
    "system76AcpiDkms": {
      "inputs": {
        "nixpkgs": "nixpkgs_2"
      },
      "locked": {
        "lastModified": 1597696633,
        "narHash": "sha256-kz9cTWJkejFef3Gku/4GEQTttw12m33Vj8U7yno0XOk=",
        "owner": "mwilsoncoding",
        "repo": "system76-acpi-dkms-flake",
        "rev": "03b1d057e3242c2471c0803fcfb913cd121d4c08",
        "type": "github"
      },
      "original": {
        "owner": "mwilsoncoding",
        "repo": "system76-acpi-dkms-flake",
        "rev": "03b1d057e3242c2471c0803fcfb913cd121d4c08",
        "type": "github"
      }
    },
    "system76IoDkms": {
      "inputs": {
        "nixpkgs": "nixpkgs_3"
      },
      "locked": {
        "lastModified": 1597696680,
        "narHash": "sha256-iaz25bm8DBehHIKK6DkvyOQ+hsxX4ZeNYkp6uvB5JeM=",
        "owner": "mwilsoncoding",
        "repo": "system76-io-dkms-flake",
        "rev": "35dfb74275ff1746ec838bd74f473df0dc7692ea",
        "type": "github"
      },
      "original": {
        "owner": "mwilsoncoding",
        "repo": "system76-io-dkms-flake",
        "rev": "35dfb74275ff1746ec838bd74f473df0dc7692ea",
        "type": "github"
      }
    }
  },
  "root": "root",
  "version": 7
}
